
Microsoft Visual Studio Solution File, Format Version 12.00
# Visual Studio 15
VisualStudioVersion = 15.0.28307.1500
MinimumVisualStudioVersion = 10.0.40219.1
Project("{9A19103F-16F7-4668-BE54-9A1E7A4F7556}") = "ExamplePlugin", "ExamplePlugin.csproj", "{064F2220-0F22-4EFF-8ACC-55A2E7710526}"
EndProject
Global
	GlobalSection(SolutionConfigurationPlatforms) = preSolution
		Debug|Any CPU = Debug|Any CPU
		Release|Any CPU = Release|Any CPU
	EndGlobalSection
	GlobalSection(ProjectConfigurationPlatforms) = postSolution
		{064F2220-0F22-4EFF-8ACC-55A2E7710526}.Debug|Any CPU.ActiveCfg = Debug|Any CPU
		{064F2220-0F22-4EFF-8ACC-55A2E7710526}.Debug|Any CPU.Build.0 = Debug|Any CPU
		{064F2220-0F22-4EFF-8ACC-55A2E7710526}.Release|Any CPU.ActiveCfg = Release|Any CPU
		{064F2220-0F22-4EFF-8ACC-55A2E7710526}.Release|Any CPU.Build.0 = Release|Any CPU
	EndGlobalSection
	GlobalSection(SolutionProperties) = preSolution
		HideSolutionNode = FALSE
	EndGlobalSection
	GlobalSection(ExtensibilityGlobals) = postSolution
		SolutionGuid = {EB8A8FBD-8226-4E05-9031-21D09276C2C5}
	EndGlobalSection
EndGlobal
